
Microsoft Visual Studio Solution File, Format Version 12.00
# Visual Studio Version 16
VisualStudioVersion = 16.0.30320.27
MinimumVisualStudioVersion = 10.0.40219.1
Project("{FAE04EC0-301F-11D3-BF4B-00C04F79EFBC}") = "NetCoreDashboardApp", "NetCoreDashboardApp\NetCoreDashboardApp.csproj", "{81B01193-77A5-460D-9615-A679151F84E5}"
EndProject
Global
	GlobalSection(SolutionConfigurationPlatforms) = preSolution
		Debug|Any CPU = Debug|Any CPU
		Release|Any CPU = Release|Any CPU
	EndGlobalSection
	GlobalSection(ProjectConfigurationPlatforms) = postSolution
		{81B01193-77A5-460D-9615-A679151F84E5}.Debug|Any CPU.ActiveCfg = Debug|Any CPU
		{81B01193-77A5-460D-9615-A679151F84E5}.Debug|Any CPU.Build.0 = Debug|Any CPU
		{81B01193-77A5-460D-9615-A679151F84E5}.Release|Any CPU.ActiveCfg = Release|Any CPU
		{81B01193-77A5-460D-9615-A679151F84E5}.Release|Any CPU.Build.0 = Release|Any CPU
	EndGlobalSection
	GlobalSection(SolutionProperties) = preSolution
		HideSolutionNode = FALSE
	EndGlobalSection
	GlobalSection(ExtensibilityGlobals) = postSolution
		SolutionGuid = {01EF98A0-F257-4F8F-9D40-C3E71850ADB7}
	EndGlobalSection
EndGlobal
